
Microsoft Visual Studio Solution File, Format Version 12.00
# Visual Studio Version 17
VisualStudioVersion = 17.7.34202.233
MinimumVisualStudioVersion = 10.0.40219.1
Project("{FAE04EC0-301F-11D3-BF4B-00C04F79EFBC}") = "Forms9Issue.iOS", "Forms9Issue\Forms9Issue.iOS\Forms9Issue.iOS.csproj", "{A3440F73-1383-4297-8910-A11FABB3529F}"
EndProject
Project("{FAE04EC0-301F-11D3-BF4B-00C04F79EFBC}") = "Forms9Issue", "Forms9Issue\Forms9Issue\Forms9Issue.csproj", "{74CE09AC-97A6-4F60-8C4E-B06F90FC21E5}"
EndProject
Global
	GlobalSection(SolutionConfigurationPlatforms) = preSolution
		Debug|Any CPU = Debug|Any CPU
		Debug|iPhone = Debug|iPhone
		Debug|iPhoneSimulator = Debug|iPhoneSimulator
		Release|Any CPU = Release|Any CPU
		Release|iPhone = Release|iPhone
		Release|iPhoneSimulator = Release|iPhoneSimulator
	EndGlobalSection
	GlobalSection(ProjectConfigurationPlatforms) = postSolution
		{A3440F73-1383-4297-8910-A11FABB3529F}.Debug|Any CPU.ActiveCfg = Debug|iPhoneSimulator
		{A3440F73-1383-4297-8910-A11FABB3529F}.Debug|Any CPU.Build.0 = Debug|iPhoneSimulator
		{A3440F73-1383-4297-8910-A11FABB3529F}.Debug|Any CPU.Deploy.0 = Debug|iPhoneSimulator
		{A3440F73-1383-4297-8910-A11FABB3529F}.Debug|iPhone.ActiveCfg = Debug|iPhone
		{A3440F73-1383-4297-8910-A11FABB3529F}.Debug|iPhone.Build.0 = Debug|iPhone
		{A3440F73-1383-4297-8910-A11FABB3529F}.Debug|iPhone.Deploy.0 = Debug|iPhone
		{A3440F73-1383-4297-8910-A11FABB3529F}.Debug|iPhoneSimulator.ActiveCfg = Debug|iPhoneSimulator
		{A3440F73-1383-4297-8910-A11FABB3529F}.Debug|iPhoneSimulator.Build.0 = Debug|iPhoneSimulator
		{A3440F73-1383-4297-8910-A11FABB3529F}.Debug|iPhoneSimulator.Deploy.0 = Debug|iPhoneSimulator
		{A3440F73-1383-4297-8910-A11FABB3529F}.Release|Any CPU.ActiveCfg = Release|iPhoneSimulator
		{A3440F73-1383-4297-8910-A11FABB3529F}.Release|Any CPU.Build.0 = Release|iPhoneSimulator
		{A3440F73-1383-4297-8910-A11FABB3529F}.Release|Any CPU.Deploy.0 = Release|iPhoneSimulator
		{A3440F73-1383-4297-8910-A11FABB3529F}.Release|iPhone.ActiveCfg = Release|iPhone
		{A3440F73-1383-4297-8910-A11FABB3529F}.Release|iPhone.Build.0 = Release|iPhone
		{A3440F73-1383-4297-8910-A11FABB3529F}.Release|iPhone.Deploy.0 = Release|iPhone
		{A3440F73-1383-4297-8910-A11FABB3529F}.Release|iPhoneSimulator.ActiveCfg = Release|iPhoneSimulator
		{A3440F73-1383-4297-8910-A11FABB3529F}.Release|iPhoneSimulator.Build.0 = Release|iPhoneSimulator
		{A3440F73-1383-4297-8910-A11FABB3529F}.Release|iPhoneSimulator.Deploy.0 = Release|iPhoneSimulator
		{74CE09AC-97A6-4F60-8C4E-B06F90FC21E5}.Debug|Any CPU.ActiveCfg = Debug|Any CPU
		{74CE09AC-97A6-4F60-8C4E-B06F90FC21E5}.Debug|Any CPU.Build.0 = Debug|Any CPU
		{74CE09AC-97A6-4F60-8C4E-B06F90FC21E5}.Debug|Any CPU.Deploy.0 = Debug|Any CPU
		{74CE09AC-97A6-4F60-8C4E-B06F90FC21E5}.Debug|iPhone.ActiveCfg = Debug|Any CPU
		{74CE09AC-97A6-4F60-8C4E-B06F90FC21E5}.Debug|iPhone.Build.0 = Debug|Any CPU
		{74CE09AC-97A6-4F60-8C4E-B06F90FC21E5}.Debug|iPhone.Deploy.0 = Debug|Any CPU
		{74CE09AC-97A6-4F60-8C4E-B06F90FC21E5}.Debug|iPhoneSimulator.ActiveCfg = Debug|Any CPU
		{74CE09AC-97A6-4F60-8C4E-B06F90FC21E5}.Debug|iPhoneSimulator.Build.0 = Debug|Any CPU
		{74CE09AC-97A6-4F60-8C4E-B06F90FC21E5}.Debug|iPhoneSimulator.Deploy.0 = Debug|Any CPU
		{74CE09AC-97A6-4F60-8C4E-B06F90FC21E5}.Release|Any CPU.ActiveCfg = Release|Any CPU
		{74CE09AC-97A6-4F60-8C4E-B06F90FC21E5}.Release|Any CPU.Build.0 = Release|Any CPU
		{74CE09AC-97A6-4F60-8C4E-B06F90FC21E5}.Release|Any CPU.Deploy.0 = Release|Any CPU
		{74CE09AC-97A6-4F60-8C4E-B06F90FC21E5}.Release|iPhone.ActiveCfg = Release|Any CPU
		{74CE09AC-97A6-4F60-8C4E-B06F90FC21E5}.Release|iPhone.Build.0 = Release|Any CPU
		{74CE09AC-97A6-4F60-8C4E-B06F90FC21E5}.Release|iPhone.Deploy.0 = Release|Any CPU
		{74CE09AC-97A6-4F60-8C4E-B06F90FC21E5}.Release|iPhoneSimulator.ActiveCfg = Release|Any CPU
		{74CE09AC-97A6-4F60-8C4E-B06F90FC21E5}.Release|iPhoneSimulator.Build.0 = Release|Any CPU
		{74CE09AC-97A6-4F60-8C4E-B06F90FC21E5}.Release|iPhoneSimulator.Deploy.0 = Release|Any CPU
	EndGlobalSection
	GlobalSection(SolutionProperties) = preSolution
		HideSolutionNode = FALSE
	EndGlobalSection
	GlobalSection(ExtensibilityGlobals) = postSolution
		SolutionGuid = {5AF61AC8-A0A5-487B-9A94-5F90C44ED421}
	EndGlobalSection
EndGlobal
